
Microsoft Visual Studio Solution File, Format Version 12.00
# Visual Studio Version 16
VisualStudioVersion = 16.0.32428.217
MinimumVisualStudioVersion = 10.0.40219.1
Project("{E24C65DC-7377-472B-9ABA-BC803B73C61A}") = "restauranteU", ".", "{5D24ED27-46F0-4D55-98FC-0B83610F3715}"
	ProjectSection(WebsiteProperties) = preProject
		TargetFrameworkMoniker = ".NETFramework,Version%3Dv4.8"
		Debug.AspNetCompiler.VirtualPath = "/localhost_60813"
		Debug.AspNetCompiler.PhysicalPath = "..\restauranteU\"
		Debug.AspNetCompiler.TargetPath = "PrecompiledWeb\localhost_60813\"
		Debug.AspNetCompiler.Updateable = "true"
		Debug.AspNetCompiler.ForceOverwrite = "true"
		Debug.AspNetCompiler.FixedNames = "false"
		Debug.AspNetCompiler.Debug = "True"
		Release.AspNetCompiler.VirtualPath = "/localhost_60813"
		Release.AspNetCompiler.PhysicalPath = "..\restauranteU\"
		Release.AspNetCompiler.TargetPath = "PrecompiledWeb\localhost_60813\"
		Release.AspNetCompiler.Updateable = "true"
		Release.AspNetCompiler.ForceOverwrite = "true"
		Release.AspNetCompiler.FixedNames = "false"
		Release.AspNetCompiler.Debug = "False"
		VWDPort = "60813"
		SlnRelativePath = "..\restauranteU\"
		DefaultWebSiteLanguage = "Visual C#"
	EndProjectSection
EndProject
Global
	GlobalSection(SolutionConfigurationPlatforms) = preSolution
		Debug|Any CPU = Debug|Any CPU
	EndGlobalSection
	GlobalSection(ProjectConfigurationPlatforms) = postSolution
		{5D24ED27-46F0-4D55-98FC-0B83610F3715}.Debug|Any CPU.ActiveCfg = Debug|Any CPU
		{5D24ED27-46F0-4D55-98FC-0B83610F3715}.Debug|Any CPU.Build.0 = Debug|Any CPU
	EndGlobalSection
	GlobalSection(SolutionProperties) = preSolution
		HideSolutionNode = FALSE
	EndGlobalSection
	GlobalSection(ExtensibilityGlobals) = postSolution
		SolutionGuid = {C5594DBC-A9FB-4CA3-A322-3629FD5EDFB4}
	EndGlobalSection
EndGlobal
